
Microsoft Visual Studio Solution File, Format Version 12.00
# Visual Studio 15
VisualStudioVersion = 15.0.27703.2000
MinimumVisualStudioVersion = 10.0.40219.1
Project("{8BC9CEB8-8B4A-11D0-8D11-00A0C91BC942}") = "Compiler", "Compiler\Compiler.vcxproj", "{BAFDEF48-C700-48FB-A50F-38B1C2DFFACB}"
	ProjectSection(ProjectDependencies) = postProject
		{85B3880A-A822-4353-AEF9-EBDD931B391F} = {85B3880A-A822-4353-AEF9-EBDD931B391F}
	EndProjectSection
EndProject
Project("{8BC9CEB8-8B4A-11D0-8D11-00A0C91BC942}") = "Lexer", "Lexer\Lexer.vcxproj", "{85B3880A-A822-4353-AEF9-EBDD931B391F}"
EndProject
Project("{8BC9CEB8-8B4A-11D0-8D11-00A0C91BC942}") = "Parser", "Parser\Parser.vcxproj", "{2F19C90D-1B93-4386-A7F7-93515C6DBDE3}"
EndProject
Global
	GlobalSection(SolutionConfigurationPlatforms) = preSolution
		Debug|x64 = Debug|x64
		Debug|x86 = Debug|x86
		Release|x64 = Release|x64
		Release|x86 = Release|x86
	EndGlobalSection
	GlobalSection(ProjectConfigurationPlatforms) = postSolution
		{BAFDEF48-C700-48FB-A50F-38B1C2DFFACB}.Debug|x64.ActiveCfg = Debug|x64
		{BAFDEF48-C700-48FB-A50F-38B1C2DFFACB}.Debug|x64.Build.0 = Debug|x64
		{BAFDEF48-C700-48FB-A50F-38B1C2DFFACB}.Debug|x86.ActiveCfg = Debug|Win32
		{BAFDEF48-C700-48FB-A50F-38B1C2DFFACB}.Debug|x86.Build.0 = Debug|Win32
		{BAFDEF48-C700-48FB-A50F-38B1C2DFFACB}.Release|x64.ActiveCfg = Release|x64
		{BAFDEF48-C700-48FB-A50F-38B1C2DFFACB}.Release|x64.Build.0 = Release|x64
		{BAFDEF48-C700-48FB-A50F-38B1C2DFFACB}.Release|x86.ActiveCfg = Release|Win32
		{BAFDEF48-C700-48FB-A50F-38B1C2DFFACB}.Release|x86.Build.0 = Release|Win32
		{85B3880A-A822-4353-AEF9-EBDD931B391F}.Debug|x64.ActiveCfg = Debug|x64
		{85B3880A-A822-4353-AEF9-EBDD931B391F}.Debug|x64.Build.0 = Debug|x64
		{85B3880A-A822-4353-AEF9-EBDD931B391F}.Debug|x86.ActiveCfg = Debug|Win32
		{85B3880A-A822-4353-AEF9-EBDD931B391F}.Debug|x86.Build.0 = Debug|Win32
		{85B3880A-A822-4353-AEF9-EBDD931B391F}.Release|x64.ActiveCfg = Release|x64
		{85B3880A-A822-4353-AEF9-EBDD931B391F}.Release|x64.Build.0 = Release|x64
		{85B3880A-A822-4353-AEF9-EBDD931B391F}.Release|x86.ActiveCfg = Release|Win32
		{85B3880A-A822-4353-AEF9-EBDD931B391F}.Release|x86.Build.0 = Release|Win32
		{2F19C90D-1B93-4386-A7F7-93515C6DBDE3}.Debug|x64.ActiveCfg = Debug|x64
		{2F19C90D-1B93-4386-A7F7-93515C6DBDE3}.Debug|x64.Build.0 = Debug|x64
		{2F19C90D-1B93-4386-A7F7-93515C6DBDE3}.Debug|x86.ActiveCfg = Debug|Win32
		{2F19C90D-1B93-4386-A7F7-93515C6DBDE3}.Debug|x86.Build.0 = Debug|Win32
		{2F19C90D-1B93-4386-A7F7-93515C6DBDE3}.Release|x64.ActiveCfg = Release|x64
		{2F19C90D-1B93-4386-A7F7-93515C6DBDE3}.Release|x64.Build.0 = Release|x64
		{2F19C90D-1B93-4386-A7F7-93515C6DBDE3}.Release|x86.ActiveCfg = Release|Win32
		{2F19C90D-1B93-4386-A7F7-93515C6DBDE3}.Release|x86.Build.0 = Release|Win32
	EndGlobalSection
	GlobalSection(SolutionProperties) = preSolution
		HideSolutionNode = FALSE
	EndGlobalSection
	GlobalSection(ExtensibilityGlobals) = postSolution
		SolutionGuid = {86C98BB9-2FA3-485D-A859-DC73BAE75766}
	EndGlobalSection
EndGlobal
